// !$*UTF8*$!
{
	archiveVersion = 1;
	classes = {
	};
	objectVersion = 50;
	objects = {

/* Begin PBXBuildFile section */
		2C90D77424D184F5001BAF9D /* AppDelegate.swift in Sources */ = {isa = PBXBuildFile; fileRef = 2C90D77324D184F5001BAF9D /* AppDelegate.swift */; };
		2C90D77624D184F5001BAF9D /* SceneDelegate.swift in Sources */ = {isa = PBXBuildFile; fileRef = 2C90D77524D184F5001BAF9D /* SceneDelegate.swift */; };
		2C90D77824D184F5001BAF9D /* ViewController.swift in Sources */ = {isa = PBXBuildFile; fileRef = 2C90D77724D184F5001BAF9D /* ViewController.swift */; };
		2C90D77B24D184F5001BAF9D /* Main.storyboard in Resources */ = {isa = PBXBuildFile; fileRef = 2C90D77924D184F5001BAF9D /* Main.storyboard */; };
		2C90D77E24D184F5001BAF9D /* SeeFood.xcdatamodeld in Sources */ = {isa = PBXBuildFile; fileRef = 2C90D77C24D184F5001BAF9D /* SeeFood.xcdatamodeld */; };
		2C90D78024D184FC001BAF9D /* Assets.xcassets in Resources */ = {isa = PBXBuildFile; fileRef = 2C90D77F24D184FC001BAF9D /* Assets.xcassets */; };
		2C90D78324D184FC001BAF9D /* LaunchScreen.storyboard in Resources */ = {isa = PBXBuildFile; fileRef = 2C90D78124D184FC001BAF9D /* LaunchScreen.storyboard */; };
		2C90D78B24D18557001BAF9D /* Inceptionv3.mlmodel in Sources */ = {isa = PBXBuildFile; fileRef = 2C90D78A24D18557001BAF9D /* Inceptionv3.mlmodel */; };
/* End PBXBuildFile section */

/* Begin PBXFileReference section */
		2C90D77024D184F5001BAF9D /* SeeFood.app */ = {isa = PBXFileReference; explicitFileType = wrapper.application; includeInIndex = 0; path = SeeFood.app; sourceTree = BUILT_PRODUCTS_DIR; };
		2C90D77324D184F5001BAF9D /* AppDelegate.swift */ = {isa = PBXFileReference; lastKnownFileType = sourcecode.swift; path = AppDelegate.swift; sourceTree = "<group>"; };
		2C90D77524D184F5001BAF9D /* SceneDelegate.swift */ = {isa = PBXFileReference; lastKnownFileType = sourcecode.swift; path = SceneDelegate.swift; sourceTree = "<group>"; };
		2C90D77724D184F5001BAF9D /* ViewController.swift */ = {isa = PBXFileReference; lastKnownFileType = sourcecode.swift; path = ViewController.swift; sourceTree = "<group>"; };
		2C90D77A24D184F5001BAF9D /* Base */ = {isa = PBXFileReference; lastKnownFileType = file.storyboard; name = Base; path = Base.lproj/Main.storyboard; sourceTree = "<group>"; };
		2C90D77D24D184F5001BAF9D /* SeeFood.xcdatamodel */ = {isa = PBXFileReference; lastKnownFileType = wrapper.xcdatamodel; path = SeeFood.xcdatamodel; sourceTree = "<group>"; };
		2C90D77F24D184FC001BAF9D /* Assets.xcassets */ = {isa = PBXFileReference; lastKnownFileType = folder.assetcatalog; path = Assets.xcassets; sourceTree = "<group>"; };
		2C90D78224D184FC001BAF9D /* Base */ = {isa = PBXFileReference; lastKnownFileType = file.storyboard; name = Base; path = Base.lproj/LaunchScreen.storyboard; sourceTree = "<group>"; };
		2C90D78424D184FC001BAF9D /* Info.plist */ = {isa = PBXFileReference; lastKnownFileType = text.plist.xml; path = Info.plist; sourceTree = "<group>"; };
		2C90D78A24D18557001BAF9D /* Inceptionv3.mlmodel */ = {isa = PBXFileReference; lastKnownFileType = file.mlmodel; path = Inceptionv3.mlmodel; sourceTree = "<group>"; };
/* End PBXFileReference section */

/* Begin PBXFrameworksBuildPhase section */
		2C90D76D24D184F5001BAF9D /* Frameworks */ = {
			isa = PBXFrameworksBuildPhase;
			buildActionMask = 2147483647;
			files = (
			);
			runOnlyForDeploymentPostprocessing = 0;
		};
/* End PBXFrameworksBuildPhase section */

/* Begin PBXGroup section */
		2C90D76724D184F5001BAF9D = {
			isa = PBXGroup;
			children = (
				2C90D77224D184F5001BAF9D /* SeeFood */,
				2C90D77124D184F5001BAF9D /* Products */,
			);
			sourceTree = "<group>";
		};
		2C90D77124D184F5001BAF9D /* Products */ = {
			isa = PBXGroup;
			children = (
				2C90D77024D184F5001BAF9D /* SeeFood.app */,
			);
			name = Products;
			sourceTree = "<group>";
		};
		2C90D77224D184F5001BAF9D /* SeeFood */ = {
			isa = PBXGroup;
			children = (
				2C90D77324D184F5001BAF9D /* AppDelegate.swift */,
				2C90D77524D184F5001BAF9D /* SceneDelegate.swift */,
				2C90D77724D184F5001BAF9D /* ViewController.swift */,
				2C90D77924D184F5001BAF9D /* Main.storyboard */,
				2C90D77F24D184FC001BAF9D /* Assets.xcassets */,
				2C90D78A24D18557001BAF9D /* Inceptionv3.mlmodel */,
				2C90D78124D184FC001BAF9D /* LaunchScreen.storyboard */,
				2C90D78424D184FC001BAF9D /* Info.plist */,
				2C90D77C24D184F5001BAF9D /* SeeFood.xcdatamodeld */,
			);
			path = SeeFood;
			sourceTree = "<group>";
		};
/* End PBXGroup section */

/* Begin PBXNativeTarget section */
		2C90D76F24D184F5001BAF9D /* SeeFood */ = {
			isa = PBXNativeTarget;
			buildConfigurationList = 2C90D78724D184FD001BAF9D /* Build configuration list for PBXNativeTarget "SeeFood" */;
			buildPhases = (
				2C90D76C24D184F5001BAF9D /* Sources */,
				2C90D76D24D184F5001BAF9D /* Frameworks */,
				2C90D76E24D184F5001BAF9D /* Resources */,
			);
			buildRules = (
			);
			dependencies = (
			);
			name = SeeFood;
			productName = SeeFood;
			productReference = 2C90D77024D184F5001BAF9D /* SeeFood.app */;
			productType = "com.apple.product-type.application";
		};
/* End PBXNativeTarget section */

/* Begin PBXProject section */
		2C90D76824D184F5001BAF9D /* Project object */ = {
			isa = PBXProject;
			attributes = {
				LastSwiftUpdateCheck = 1150;
				LastUpgradeCheck = 1150;
				ORGANIZATIONNAME = "Ivan Teo";
				TargetAttributes = {
					2C90D76F24D184F5001BAF9D = {
						CreatedOnToolsVersion = 11.5;
					};
				};
			};
			buildConfigurationList = 2C90D76B24D184F5001BAF9D /* Build configuration list for PBXProject "SeeFood" */;
			compatibilityVersion = "Xcode 9.3";
			developmentRegion = en;
			hasScannedForEncodings = 0;
			knownRegions = (
				en,
				Base,
			);
			mainGroup = 2C90D76724D184F5001BAF9D;
			productRefGroup = 2C90D77124D184F5001BAF9D /* Products */;
			projectDirPath = "";
			projectRoot = "";
			targets = (
				2C90D76F24D184F5001BAF9D /* SeeFood */,
			);
		};
/* End PBXProject section */

/* Begin PBXResourcesBuildPhase section */
		2C90D76E24D184F5001BAF9D /* Resources */ = {
			isa = PBXResourcesBuildPhase;
			buildActionMask = 2147483647;
			files = (
				2C90D78324D184FC001BAF9D /* LaunchScreen.storyboard in Resources */,
				2C90D78024D184FC001BAF9D /* Assets.xcassets in Resources */,
				2C90D77B24D184F5001BAF9D /* Main.storyboard in Resources */,
			);
			runOnlyForDeploymentPostprocessing = 0;
		};
/* End PBXResourcesBuildPhase section */

/* Begin PBXSourcesBuildPhase section */
		2C90D76C24D184F5001BAF9D /* Sources */ = {
			isa = PBXSourcesBuildPhase;
			buildActionMask = 2147483647;
			files = (
				2C90D78B24D18557001BAF9D /* Inceptionv3.mlmodel in Sources */,
				2C90D77824D184F5001BAF9D /* ViewController.swift in Sources */,
				2C90D77E24D184F5001BAF9D /* SeeFood.xcdatamodeld in Sources */,
				2C90D77424D184F5001BAF9D /* AppDelegate.swift in Sources */,
				2C90D77624D184F5001BAF9D /* SceneDelegate.swift in Sources */,
			);
			runOnlyForDeploymentPostprocessing = 0;
		};
/* End PBXSourcesBuildPhase section */

/* Begin PBXVariantGroup section */
		2C90D77924D184F5001BAF9D /* Main.storyboard */ = {
			isa = PBXVariantGroup;
			children = (
				2C90D77A24D184F5001BAF9D /* Base */,
			);
			name = Main.storyboard;
			sourceTree = "<group>";
		};
		2C90D78124D184FC001BAF9D /* LaunchScreen.storyboard */ = {
			isa = PBXVariantGroup;
			children = (
				2C90D78224D184FC001BAF9D /* Base */,
			);
			name = LaunchScreen.storyboard;
			sourceTree = "<group>";
		};
/* End PBXVariantGroup section */

/* Begin XCBuildConfiguration section */
		2C90D78524D184FD001BAF9D /* Debug */ = {
			isa = XCBuildConfiguration;
			buildSettings = {
				ALWAYS_SEARCH_USER_PATHS = NO;
				CLANG_ANALYZER_NONNULL = YES;
				CLANG_ANALYZER_NUMBER_OBJECT_CONVERSION = YES_AGGRESSIVE;
				CLANG_CXX_LANGUAGE_STANDARD = "gnu++14";
				CLANG_CXX_LIBRARY = "libc++";
				CLANG_ENABLE_MODULES = YES;
				CLANG_ENABLE_OBJC_ARC = YES;
				CLANG_ENABLE_OBJC_WEAK = YES;
				CLANG_WARN_BLOCK_CAPTURE_AUTORELEASING = YES;
				CLANG_WARN_BOOL_CONVERSION = YES;
				CLANG_WARN_COMMA = YES;
				CLANG_WARN_CONSTANT_CONVERSION = YES;
				CLANG_WARN_DEPRECATED_OBJC_IMPLEMENTATIONS = YES;
				CLANG_WARN_DIRECT_OBJC_ISA_USAGE = YES_ERROR;
				CLANG_WARN_DOCUMENTATION_COMMENTS = YES;
				CLANG_WARN_EMPTY_BODY = YES;
				CLANG_WARN_ENUM_CONVERSION = YES;
				CLANG_WARN_INFINITE_RECURSION = YES;
				CLANG_WARN_INT_CONVERSION = YES;
				CLANG_WARN_NON_LITERAL_NULL_CONVERSION = YES;
				CLANG_WARN_OBJC_IMPLICIT_RETAIN_SELF = YES;
				CLANG_WARN_OBJC_LITERAL_CONVERSION = YES;
				CLANG_WARN_OBJC_ROOT_CLASS = YES_ERROR;
				CLANG_WARN_RANGE_LOOP_ANALYSIS = YES;
				CLANG_WARN_STRICT_PROTOTYPES = YES;
				CLANG_WARN_SUSPICIOUS_MOVE = YES;
				CLANG_WARN_UNGUARDED_AVAILABILITY = YES_AGGRESSIVE;
				CLANG_WARN_UNREACHABLE_CODE = YES;
				CLANG_WARN__DUPLICATE_METHOD_MATCH = YES;
				COPY_PHASE_STRIP = NO;
				DEBUG_INFORMATION_FORMAT = dwarf;
				ENABLE_STRICT_OBJC_MSGSEND = YES;
				ENABLE_TESTABILITY = YES;
				GCC_C_LANGUAGE_STANDARD = gnu11;
				GCC_DYNAMIC_NO_PIC = NO;
				GCC_NO_COMMON_BLOCKS = YES;
				GCC_OPTIMIZATION_LEVEL = 0;
				GCC_PREPROCESSOR_DEFINITIONS = (
					"DEBUG=1",
					"$(inherited)",
				);
				GCC_WARN_64_TO_32_BIT_CONVERSION = YES;
				GCC_WARN_ABOUT_RETURN_TYPE = YES_ERROR;
				GCC_WARN_UNDECLARED_SELECTOR = YES;
				GCC_WARN_UNINITIALIZED_AUTOS = YES_AGGRESSIVE;
				GCC_WARN_UNUSED_FUNCTION = YES;
				GCC_WARN_UNUSED_VARIABLE = YES;
				IPHONEOS_DEPLOYMENT_TARGET = 13.5;
				MTL_ENABLE_DEBUG_INFO = INCLUDE_SOURCE;
				MTL_FAST_MATH = YES;
				ONLY_ACTIVE_ARCH = YES;
				SDKROOT = iphoneos;
				SWIFT_ACTIVE_COMPILATION_CONDITIONS = DEBUG;
				SWIFT_OPTIMIZATION_LEVEL = "-Onone";
			};
			name = Debug;
		};
		2C90D78624D184FD001BAF9D /* Release */ = {
			isa = XCBuildConfiguration;
			buildSettings = {
				ALWAYS_SEARCH_USER_PATHS = NO;
				CLANG_ANALYZER_NONNULL = YES;
				CLANG_ANALYZER_NUMBER_OBJECT_CONVERSION = YES_AGGRESSIVE;
				CLANG_CXX_LANGUAGE_STANDARD = "gnu++14";
				CLANG_CXX_LIBRARY = "libc++";
				CLANG_ENABLE_MODULES = YES;
				CLANG_ENABLE_OBJC_ARC = YES;
				CLANG_ENABLE_OBJC_WEAK = YES;
				CLANG_WARN_BLOCK_CAPTURE_AUTORELEASING = YES;
				CLANG_WARN_BOOL_CONVERSION = YES;
				CLANG_WARN_COMMA = YES;
				CLANG_WARN_CONSTANT_CONVERSION = YES;
				CLANG_WARN_DEPRECATED_OBJC_IMPLEMENTATIONS = YES;
				CLANG_WARN_DIRECT_OBJC_ISA_USAGE = YES_ERROR;
				CLANG_WARN_DOCUMENTATION_COMMENTS = YES;
				CLANG_WARN_EMPTY_BODY = YES;
				CLANG_WARN_ENUM_CONVERSION = YES;
				CLANG_WARN_INFINITE_RECURSION = YES;
				CLANG_WARN_INT_CONVERSION = YES;
				CLANG_WARN_NON_LITERAL_NULL_CONVERSION = YES;
				CLANG_WARN_OBJC_IMPLICIT_RETAIN_SELF = YES;
				CLANG_WARN_OBJC_LITERAL_CONVERSION = YES;
				CLANG_WARN_OBJC_ROOT_CLASS = YES_ERROR;
				CLANG_WARN_RANGE_LOOP_ANALYSIS = YES;
				CLANG_WARN_STRICT_PROTOTYPES = YES;
				CLANG_WARN_SUSPICIOUS_MOVE = YES;
				CLANG_WARN_UNGUARDED_AVAILABILITY = YES_AGGRESSIVE;
				CLANG_WARN_UNREACHABLE_CODE = YES;
				CLANG_WARN__DUPLICATE_METHOD_MATCH = YES;
				COPY_PHASE_STRIP = NO;
				DEBUG_INFORMATION_FORMAT = "dwarf-with-dsym";
				ENABLE_NS_ASSERTIONS = NO;
				ENABLE_STRICT_OBJC_MSGSEND = YES;
				GCC_C_LANGUAGE_STANDARD = gnu11;
				GCC_NO_COMMON_BLOCKS = YES;
				GCC_WARN_64_TO_32_BIT_CONVERSION = YES;
				GCC_WARN_ABOUT_RETURN_TYPE = YES_ERROR;
				GCC_WARN_UNDECLARED_SELECTOR = YES;
				GCC_WARN_UNINITIALIZED_AUTOS = YES_AGGRESSIVE;
				GCC_WARN_UNUSED_FUNCTION = YES;
				GCC_WARN_UNUSED_VARIABLE = YES;
				IPHONEOS_DEPLOYMENT_TARGET = 13.5;
				MTL_ENABLE_DEBUG_INFO = NO;
				MTL_FAST_MATH = YES;
				SDKROOT = iphoneos;
				SWIFT_COMPILATION_MODE = wholemodule;
				SWIFT_OPTIMIZATION_LEVEL = "-O";
				VALIDATE_PRODUCT = YES;
			};
			name = Release;
		};
		2C90D78824D184FD001BAF9D /* Debug */ = {
			isa = XCBuildConfiguration;
			buildSettings = {
				ASSETCATALOG_COMPILER_APPICON_NAME = AppIcon;
				CODE_SIGN_STYLE = Automatic;
				DEVELOPMENT_TEAM = H8WFQ9GJF6;
				INFOPLIST_FILE = SeeFood/Info.plist;
				LD_RUNPATH_SEARCH_PATHS = (
					"$(inherited)",
					"@executable_path/Frameworks",
				);
				PRODUCT_BUNDLE_IDENTIFIER = com.ivanteo.SeeFood;
				PRODUCT_NAME = "$(TARGET_NAME)";
				SWIFT_VERSION = 5.0;
				TARGETED_DEVICE_FAMILY = "1,2";
			};
			name = Debug;
		};
		2C90D78924D184FD001BAF9D /* Release */ = {
			isa = XCBuildConfiguration;
			buildSettings = {
				ASSETCATALOG_COMPILER_APPICON_NAME = AppIcon;
				CODE_SIGN_STYLE = Automatic;
				DEVELOPMENT_TEAM = H8WFQ9GJF6;
				INFOPLIST_FILE = SeeFood/Info.plist;
				LD_RUNPATH_SEARCH_PATHS = (
					"$(inherited)",
					"@executable_path/Frameworks",
				);
				PRODUCT_BUNDLE_IDENTIFIER = com.ivanteo.SeeFood;
				PRODUCT_NAME = "$(TARGET_NAME)";
				SWIFT_VERSION = 5.0;
				TARGETED_DEVICE_FAMILY = "1,2";
			};
			name = Release;
		};
/* End XCBuildConfiguration section */

/* Begin XCConfigurationList section */
		2C90D76B24D184F5001BAF9D /* Build configuration list for PBXProject "SeeFood" */ = {
			isa = XCConfigurationList;
			buildConfigurations = (
				2C90D78524D184FD001BAF9D /* Debug */,
				2C90D78624D184FD001BAF9D /* Release */,
			);
			defaultConfigurationIsVisible = 0;
			defaultConfigurationName = Release;
		};
		2C90D78724D184FD001BAF9D /* Build configuration list for PBXNativeTarget "SeeFood" */ = {
			isa = XCConfigurationList;
			buildConfigurations = (
				2C90D78824D184FD001BAF9D /* Debug */,
				2C90D78924D184FD001BAF9D /* Release */,
			);
			defaultConfigurationIsVisible = 0;
			defaultConfigurationName = Release;
		};
/* End XCConfigurationList section */

/* Begin XCVersionGroup section */
		2C90D77C24D184F5001BAF9D /* SeeFood.xcdatamodeld */ = {
			isa = XCVersionGroup;
			children = (
				2C90D77D24D184F5001BAF9D /* SeeFood.xcdatamodel */,
			);
			currentVersion = 2C90D77D24D184F5001BAF9D /* SeeFood.xcdatamodel */;
			path = SeeFood.xcdatamodeld;
			sourceTree = "<group>";
			versionGroupType = wrapper.xcdatamodel;
		};
/* End XCVersionGroup section */
	};
	rootObject = 2C90D76824D184F5001BAF9D /* Project object */;
}
